
Microsoft Visual Studio Solution File, Format Version 12.00
# Visual Studio Version 16
VisualStudioVersion = 16.0.30204.135
MinimumVisualStudioVersion = 10.0.40219.1
Project("{FAE04EC0-301F-11D3-BF4B-00C04F79EFBC}") = "CSIP8", "CSIP8\CSIP8.csproj", "{28F04DA6-E910-49A0-BC7D-C8C997797F07}"
EndProject
Global
	GlobalSection(SolutionConfigurationPlatforms) = preSolution
		Debug|Any CPU = Debug|Any CPU
		Release|Any CPU = Release|Any CPU
	EndGlobalSection
	GlobalSection(ProjectConfigurationPlatforms) = postSolution
		{28F04DA6-E910-49A0-BC7D-C8C997797F07}.Debug|Any CPU.ActiveCfg = Debug|Any CPU
		{28F04DA6-E910-49A0-BC7D-C8C997797F07}.Debug|Any CPU.Build.0 = Debug|Any CPU
		{28F04DA6-E910-49A0-BC7D-C8C997797F07}.Release|Any CPU.ActiveCfg = Release|Any CPU
		{28F04DA6-E910-49A0-BC7D-C8C997797F07}.Release|Any CPU.Build.0 = Release|Any CPU
	EndGlobalSection
	GlobalSection(SolutionProperties) = preSolution
		HideSolutionNode = FALSE
	EndGlobalSection
	GlobalSection(ExtensibilityGlobals) = postSolution
		SolutionGuid = {E6C051EE-E70F-46E5-8BF6-39AE1235233F}
	EndGlobalSection
EndGlobal
